
Microsoft Visual Studio Solution File, Format Version 12.00
# Visual Studio Version 17
VisualStudioVersion = 17.3.32922.545
MinimumVisualStudioVersion = 10.0.40219.1
Project("{FAE04EC0-301F-11D3-BF4B-00C04F79EFBC}") = "labNetPractica1", "labNetPractica1\labNetPractica1.csproj", "{F306D011-8BAD-4B49-80C1-A30475A3556E}"
EndProject
Global
	GlobalSection(SolutionConfigurationPlatforms) = preSolution
		Debug|Any CPU = Debug|Any CPU
		Release|Any CPU = Release|Any CPU
	EndGlobalSection
	GlobalSection(ProjectConfigurationPlatforms) = postSolution
		{F306D011-8BAD-4B49-80C1-A30475A3556E}.Debug|Any CPU.ActiveCfg = Debug|Any CPU
		{F306D011-8BAD-4B49-80C1-A30475A3556E}.Debug|Any CPU.Build.0 = Debug|Any CPU
		{F306D011-8BAD-4B49-80C1-A30475A3556E}.Release|Any CPU.ActiveCfg = Release|Any CPU
		{F306D011-8BAD-4B49-80C1-A30475A3556E}.Release|Any CPU.Build.0 = Release|Any CPU
	EndGlobalSection
	GlobalSection(SolutionProperties) = preSolution
		HideSolutionNode = FALSE
	EndGlobalSection
	GlobalSection(ExtensibilityGlobals) = postSolution
		SolutionGuid = {071CDDE6-66B3-4D75-AEE6-257D2F1D6B2F}
	EndGlobalSection
EndGlobal
