
Microsoft Visual Studio Solution File, Format Version 12.00
# Visual Studio Version 17
VisualStudioVersion = 17.3.32922.545
MinimumVisualStudioVersion = 10.0.40219.1
Project("{FAE04EC0-301F-11D3-BF4B-00C04F79EFBC}") = "LabNetPractica2", "LabNetPractica2\LabNetPractica2.csproj", "{4A7A4762-17BD-4FEE-B553-F011DDB01BB8}"
EndProject
Global
	GlobalSection(SolutionConfigurationPlatforms) = preSolution
		Debug|Any CPU = Debug|Any CPU
		Release|Any CPU = Release|Any CPU
	EndGlobalSection
	GlobalSection(ProjectConfigurationPlatforms) = postSolution
		{4A7A4762-17BD-4FEE-B553-F011DDB01BB8}.Debug|Any CPU.ActiveCfg = Debug|Any CPU
		{4A7A4762-17BD-4FEE-B553-F011DDB01BB8}.Debug|Any CPU.Build.0 = Debug|Any CPU
		{4A7A4762-17BD-4FEE-B553-F011DDB01BB8}.Release|Any CPU.ActiveCfg = Release|Any CPU
		{4A7A4762-17BD-4FEE-B553-F011DDB01BB8}.Release|Any CPU.Build.0 = Release|Any CPU
	EndGlobalSection
	GlobalSection(SolutionProperties) = preSolution
		HideSolutionNode = FALSE
	EndGlobalSection
	GlobalSection(ExtensibilityGlobals) = postSolution
		SolutionGuid = {D9734C53-9CAA-4289-A175-B8008BED3737}
	EndGlobalSection
EndGlobal
